
Microsoft Visual Studio Solution File, Format Version 12.00
# Visual Studio Version 17
VisualStudioVersion = 17.0.31903.59
MinimumVisualStudioVersion = 10.0.40219.1
Project("{2150E333-8FDC-42A3-9474-1A3956D46DE8}") = "src", "src", "{8FF6DB40-75C1-40C2-A772-3BECE1032B11}"
EndProject
Project("{FAE04EC0-301F-11D3-BF4B-00C04F79EFBC}") = "AmazonRepricer.Domain", "src\AmazonRepricer.Domain\AmazonRepricer.Domain.csproj", "{BE634BEC-4235-43E7-A8FD-08FF95E672D8}"
EndProject
Project("{FAE04EC0-301F-11D3-BF4B-00C04F79EFBC}") = "AmazonRepricer.Application", "src\AmazonRepricer.Application\AmazonRepricer.Application.csproj", "{FC12097C-0E36-41CF-AF38-A8E125F3A11A}"
EndProject
Project("{FAE04EC0-301F-11D3-BF4B-00C04F79EFBC}") = "AmazonRepricer.Infrastructure", "src\AmazonRepricer.Infrastructure\AmazonRepricer.Infrastructure.csproj", "{AB363C4F-C26F-40E5-AB4B-537B90AFCAB1}"
EndProject
Project("{FAE04EC0-301F-11D3-BF4B-00C04F79EFBC}") = "AmazonRepricer.Api", "src\AmazonRepricer.Api\AmazonRepricer.Api.csproj", "{9909F543-8B44-428C-A61E-758F3DD003C0}"
EndProject
Project("{FAE04EC0-301F-11D3-BF4B-00C04F79EFBC}") = "AmazonRepricer.Worker", "src\AmazonRepricer.Worker\AmazonRepricer.Worker.csproj", "{29FD7DAC-C9AB-4C52-952D-24AE0154F629}"
EndProject
Project("{2150E333-8FDC-42A3-9474-1A3956D46DE8}") = "tests", "tests", "{DB1605DB-C7F6-4B49-918F-6D635BC66227}"
EndProject
Project("{FAE04EC0-301F-11D3-BF4B-00C04F79EFBC}") = "AmazonRepricer.Tests", "tests\AmazonRepricer.Tests\AmazonRepricer.Tests.csproj", "{0CD1E0F7-A88D-4CDD-914C-898FE5F7197D}"
EndProject
Project("{FAE04EC0-301F-11D3-BF4B-00C04F79EFBC}") = "AmazonRepricer.Sandbox", "src\AmazonRepricer.Sandbox\AmazonRepricer.Sandbox.csproj", "{84DD7448-2403-4BF2-B4ED-60A874B753A3}"
EndProject
Global
	GlobalSection(SolutionConfigurationPlatforms) = preSolution
		Debug|Any CPU = Debug|Any CPU
		Release|Any CPU = Release|Any CPU
	EndGlobalSection
	GlobalSection(SolutionProperties) = preSolution
		HideSolutionNode = FALSE
	EndGlobalSection
	GlobalSection(ProjectConfigurationPlatforms) = postSolution
		{BE634BEC-4235-43E7-A8FD-08FF95E672D8}.Debug|Any CPU.ActiveCfg = Debug|Any CPU
		{BE634BEC-4235-43E7-A8FD-08FF95E672D8}.Debug|Any CPU.Build.0 = Debug|Any CPU
		{BE634BEC-4235-43E7-A8FD-08FF95E672D8}.Release|Any CPU.ActiveCfg = Release|Any CPU
		{BE634BEC-4235-43E7-A8FD-08FF95E672D8}.Release|Any CPU.Build.0 = Release|Any CPU
		{FC12097C-0E36-41CF-AF38-A8E125F3A11A}.Debug|Any CPU.ActiveCfg = Debug|Any CPU
		{FC12097C-0E36-41CF-AF38-A8E125F3A11A}.Debug|Any CPU.Build.0 = Debug|Any CPU
		{FC12097C-0E36-41CF-AF38-A8E125F3A11A}.Release|Any CPU.ActiveCfg = Release|Any CPU
		{FC12097C-0E36-41CF-AF38-A8E125F3A11A}.Release|Any CPU.Build.0 = Release|Any CPU
		{AB363C4F-C26F-40E5-AB4B-537B90AFCAB1}.Debug|Any CPU.ActiveCfg = Debug|Any CPU
		{AB363C4F-C26F-40E5-AB4B-537B90AFCAB1}.Debug|Any CPU.Build.0 = Debug|Any CPU
		{AB363C4F-C26F-40E5-AB4B-537B90AFCAB1}.Release|Any CPU.ActiveCfg = Release|Any CPU
		{AB363C4F-C26F-40E5-AB4B-537B90AFCAB1}.Release|Any CPU.Build.0 = Release|Any CPU
		{9909F543-8B44-428C-A61E-758F3DD003C0}.Debug|Any CPU.ActiveCfg = Debug|Any CPU
		{9909F543-8B44-428C-A61E-758F3DD003C0}.Debug|Any CPU.Build.0 = Debug|Any CPU
		{9909F543-8B44-428C-A61E-758F3DD003C0}.Release|Any CPU.ActiveCfg = Release|Any CPU
		{9909F543-8B44-428C-A61E-758F3DD003C0}.Release|Any CPU.Build.0 = Release|Any CPU
		{29FD7DAC-C9AB-4C52-952D-24AE0154F629}.Debug|Any CPU.ActiveCfg = Debug|Any CPU
		{29FD7DAC-C9AB-4C52-952D-24AE0154F629}.Debug|Any CPU.Build.0 = Debug|Any CPU
		{29FD7DAC-C9AB-4C52-952D-24AE0154F629}.Release|Any CPU.ActiveCfg = Release|Any CPU
		{29FD7DAC-C9AB-4C52-952D-24AE0154F629}.Release|Any CPU.Build.0 = Release|Any CPU
		{0CD1E0F7-A88D-4CDD-914C-898FE5F7197D}.Debug|Any CPU.ActiveCfg = Debug|Any CPU
		{0CD1E0F7-A88D-4CDD-914C-898FE5F7197D}.Debug|Any CPU.Build.0 = Debug|Any CPU
		{0CD1E0F7-A88D-4CDD-914C-898FE5F7197D}.Release|Any CPU.ActiveCfg = Release|Any CPU
		{0CD1E0F7-A88D-4CDD-914C-898FE5F7197D}.Release|Any CPU.Build.0 = Release|Any CPU
		{84DD7448-2403-4BF2-B4ED-60A874B753A3}.Debug|Any CPU.ActiveCfg = Debug|Any CPU
		{84DD7448-2403-4BF2-B4ED-60A874B753A3}.Debug|Any CPU.Build.0 = Debug|Any CPU
		{84DD7448-2403-4BF2-B4ED-60A874B753A3}.Release|Any CPU.ActiveCfg = Release|Any CPU
		{84DD7448-2403-4BF2-B4ED-60A874B753A3}.Release|Any CPU.Build.0 = Release|Any CPU
	EndGlobalSection
	GlobalSection(NestedProjects) = preSolution
		{BE634BEC-4235-43E7-A8FD-08FF95E672D8} = {8FF6DB40-75C1-40C2-A772-3BECE1032B11}
		{FC12097C-0E36-41CF-AF38-A8E125F3A11A} = {8FF6DB40-75C1-40C2-A772-3BECE1032B11}
		{AB363C4F-C26F-40E5-AB4B-537B90AFCAB1} = {8FF6DB40-75C1-40C2-A772-3BECE1032B11}
		{9909F543-8B44-428C-A61E-758F3DD003C0} = {8FF6DB40-75C1-40C2-A772-3BECE1032B11}
		{29FD7DAC-C9AB-4C52-952D-24AE0154F629} = {8FF6DB40-75C1-40C2-A772-3BECE1032B11}
		{0CD1E0F7-A88D-4CDD-914C-898FE5F7197D} = {DB1605DB-C7F6-4B49-918F-6D635BC66227}
		{84DD7448-2403-4BF2-B4ED-60A874B753A3} = {8FF6DB40-75C1-40C2-A772-3BECE1032B11}
	EndGlobalSection
EndGlobal
